{
  "name": "core",
  "version": "1.0.0",
  "lockfileVersion": 1,
  "requires": true,
  "dependencies": {
    "p5": {
      "version": "0.7.2",
      "resolved": "https://registry.npmjs.org/p5/-/p5-0.7.2.tgz",
      "integrity": "sha512-EQJSvnUiB9xuGnhX+m4SWrtL7Ks6nLetu5DE+r4B+jmYZey4k3C+MJ8N05ptNL+jqpNkkuo87xoEDi6hzCv0EA==",
      "dev": true
    },
    "quickselect": {
      "version": "1.1.1",
      "resolved": "https://registry.npmjs.org/quickselect/-/quickselect-1.1.1.tgz",
      "integrity": "sha512-qN0Gqdw4c4KGPsBOQafj6yj/PA6c/L63f6CaZ/DCF/xF4Esu3jVmKLUDYxghFx8Kb/O7y9tI7x2RjTSXwdK1iQ==",
      "dev": true
    },
    "rbush": {
      "version": "2.0.2",
      "resolved": "https://registry.npmjs.org/rbush/-/rbush-2.0.2.tgz",
      "integrity": "sha512-XBOuALcTm+O/H8G90b6pzu6nX6v2zCKiFG4BJho8a+bY6AER6t8uQUZdi5bomQc0AprCWhEGa7ncAbbRap0bRA==",
      "dev": true,
      "requires": {
        "quickselect": "1.1.1"
      }
    },
    "rbush-knn": {
      "version": "2.1.0",
      "resolved": "https://registry.npmjs.org/rbush-knn/-/rbush-knn-2.1.0.tgz",
      "integrity": "sha512-BFGyvp/NOZ62fZQKcD4kW3Okk6ay3xXaJF22Xp+zRjoPF/TRiEDq+5SP1LZn03cSIvGiS4BY5MKVvvK3cinvRw==",
      "dev": true,
      "requires": {
        "tinyqueue": "1.2.3"
      }
    },
    "svg-pathdata": {
      "version": "5.0.2",
      "resolved": "https://registry.npmjs.org/svg-pathdata/-/svg-pathdata-5.0.2.tgz",
      "integrity": "sha512-tmfwioGZZaSMZnAGCFiWd30O2sVbA5/wVP/CS8Pcf9s1ptd6J26bZUFwkIRZy+GYmD+uCECdiAP7bPpLszj+1w==",
      "dev": true
    },
    "svg-points": {
      "version": "6.0.1",
      "resolved": "https://registry.npmjs.org/svg-points/-/svg-points-6.0.1.tgz",
      "integrity": "sha1-2fYOHvQJBRVCsw+SEge8RJf+1ew=",
      "dev": true
    },
    "tinyqueue": {
      "version": "1.2.3",
      "resolved": "https://registry.npmjs.org/tinyqueue/-/tinyqueue-1.2.3.tgz",
      "integrity": "sha512-Qz9RgWuO9l8lT+Y9xvbzhPT2efIUIFd69N7eF7tJ9lnQl0iLj1M7peK7IoUGZL9DJHw9XftqLreccfxcQgYLxA==",
      "dev": true
    },
    "vec2": {
      "version": "1.6.0",
      "resolved": "https://registry.npmjs.org/vec2/-/vec2-1.6.0.tgz",
      "integrity": "sha1-0ohrlfu/Y4+lg67feQ7Q7g3xIYU=",
      "dev": true
    },
    "webmidi": {
      "version": "2.2.0",
      "resolved": "https://registry.npmjs.org/webmidi/-/webmidi-2.2.0.tgz",
      "integrity": "sha512-/HncJbftTyijTAhk/oKAZFBk5sE3UgWFlBUcd82YVEz1epAXMk0thXLpSKe3nGPR8V4R/LLBCbdzqQ9ZeBQOsw==",
      "dev": true
    }
  }
}
