{
  "name": "shape-studies",
  "version": "1.0.0",
  "lockfileVersion": 1,
  "requires": true,
  "dependencies": {
    "lines-intersect": {
      "version": "1.0.0",
      "resolved": "https://registry.npmjs.org/lines-intersect/-/lines-intersect-1.0.0.tgz",
      "integrity": "sha1-pgyHo9lXoIcdEU0FSmhatx9ygEI=",
      "dev": true
    },
    "point-inside-polygon": {
      "version": "1.0.1",
      "resolved": "https://registry.npmjs.org/point-inside-polygon/-/point-inside-polygon-1.0.1.tgz",
      "integrity": "sha1-9PbekBv4+c0vfZtftHWPGvqYEqs=",
      "dev": true
    },
    "polygon-overlap": {
      "version": "1.0.5",
      "resolved": "https://registry.npmjs.org/polygon-overlap/-/polygon-overlap-1.0.5.tgz",
      "integrity": "sha1-DONSaovZhnSrBG/JLdAmZLbYJC0=",
      "dev": true,
      "requires": {
        "lines-intersect": "1.0.0",
        "point-inside-polygon": "1.0.1"
      }
    }
  }
}
